// !$*UTF8*$!
{
	archiveVersion = 1;
	classes = {
	};
	objectVersion = 77;
	objects = {

/* Begin PBXBuildFile section */
		7170AA352DCB688200AAB0FE /* MockData.swift in Sources */ = {isa = PBXBuildFile; fileRef = 7170AA1F2DCB688200AAB0FE /* MockData.swift */; };
		7170AA362DCB688200AAB0FE /* SupplierNotification.swift in Sources */ = {isa = PBXBuildFile; fileRef = 7170AA212DCB688200AAB0FE /* SupplierNotification.swift */; };
		7170AA372DCB688200AAB0FE /* VendingMachine.swift in Sources */ = {isa = PBXBuildFile; fileRef = 7170AA222DCB688200AAB0FE /* VendingMachine.swift */; };
		7170AA382DCB688200AAB0FE /* SheetRouter.swift in Sources */ = {isa = PBXBuildFile; fileRef = 7170AA242DCB688200AAB0FE /* SheetRouter.swift */; };
		7170AA392DCB688200AAB0FE /* UserLocationService.swift in Sources */ = {isa = PBXBuildFile; fileRef = 7170AA252DCB688200AAB0FE /* UserLocationService.swift */; };
		7170AA3A2DCB688200AAB0FE /* SupplierNotificationViewModel.swift in Sources */ = {isa = PBXBuildFile; fileRef = 7170AA272DCB688200AAB0FE /* SupplierNotificationViewModel.swift */; };
		7170AA3B2DCB688200AAB0FE /* VendingMachineViewModel.swift in Sources */ = {isa = PBXBuildFile; fileRef = 7170AA282DCB688200AAB0FE /* VendingMachineViewModel.swift */; };
		7170AA3C2DCB688200AAB0FE /* CreateVendingMachineView.swift in Sources */ = {isa = PBXBuildFile; fileRef = 7170AA2A2DCB688200AAB0FE /* CreateVendingMachineView.swift */; };
		7170AA3D2DCB688200AAB0FE /* MachineDetailView.swift in Sources */ = {isa = PBXBuildFile; fileRef = 7170AA2B2DCB688200AAB0FE /* MachineDetailView.swift */; };
		7170AA3E2DCB688200AAB0FE /* MapView.swift in Sources */ = {isa = PBXBuildFile; fileRef = 7170AA2C2DCB688200AAB0FE /* MapView.swift */; };
		7170AA3F2DCB688200AAB0FE /* ProfileView.swift in Sources */ = {isa = PBXBuildFile; fileRef = 7170AA2D2DCB688200AAB0FE /* ProfileView.swift */; };
		7170AA402DCB688200AAB0FE /* RecommendationView.swift in Sources */ = {isa = PBXBuildFile; fileRef = 7170AA2E2DCB688200AAB0FE /* RecommendationView.swift */; };
		7170AA412DCB688200AAB0FE /* ContentView.swift in Sources */ = {isa = PBXBuildFile; fileRef = 7170AA312DCB688200AAB0FE /* ContentView.swift */; };
		7170AA422DCB688200AAB0FE /* SnackMapEntwurfApp.swift in Sources */ = {isa = PBXBuildFile; fileRef = 7170AA332DCB688200AAB0FE /* SnackMapEntwurfApp.swift */; };
		7170AA432DCB688200AAB0FE /* Assets.xcassets in Resources */ = {isa = PBXBuildFile; fileRef = 7170AA302DCB688200AAB0FE /* Assets.xcassets */; };
/* End PBXBuildFile section */

/* Begin PBXFileReference section */
		7170AA1F2DCB688200AAB0FE /* MockData.swift */ = {isa = PBXFileReference; lastKnownFileType = sourcecode.swift; path = MockData.swift; sourceTree = "<group>"; };
		7170AA212DCB688200AAB0FE /* SupplierNotification.swift */ = {isa = PBXFileReference; lastKnownFileType = sourcecode.swift; path = SupplierNotification.swift; sourceTree = "<group>"; };
		7170AA222DCB688200AAB0FE /* VendingMachine.swift */ = {isa = PBXFileReference; lastKnownFileType = sourcecode.swift; path = VendingMachine.swift; sourceTree = "<group>"; };
		7170AA242DCB688200AAB0FE /* SheetRouter.swift */ = {isa = PBXFileReference; lastKnownFileType = sourcecode.swift; path = SheetRouter.swift; sourceTree = "<group>"; };
		7170AA252DCB688200AAB0FE /* UserLocationService.swift */ = {isa = PBXFileReference; lastKnownFileType = sourcecode.swift; path = UserLocationService.swift; sourceTree = "<group>"; };
		7170AA272DCB688200AAB0FE /* SupplierNotificationViewModel.swift */ = {isa = PBXFileReference; lastKnownFileType = sourcecode.swift; path = SupplierNotificationViewModel.swift; sourceTree = "<group>"; };
		7170AA282DCB688200AAB0FE /* VendingMachineViewModel.swift */ = {isa = PBXFileReference; lastKnownFileType = sourcecode.swift; path = VendingMachineViewModel.swift; sourceTree = "<group>"; };
		7170AA2A2DCB688200AAB0FE /* CreateVendingMachineView.swift */ = {isa = PBXFileReference; lastKnownFileType = sourcecode.swift; path = CreateVendingMachineView.swift; sourceTree = "<group>"; };
		7170AA2B2DCB688200AAB0FE /* MachineDetailView.swift */ = {isa = PBXFileReference; lastKnownFileType = sourcecode.swift; path = MachineDetailView.swift; sourceTree = "<group>"; };
		7170AA2C2DCB688200AAB0FE /* MapView.swift */ = {isa = PBXFileReference; lastKnownFileType = sourcecode.swift; path = MapView.swift; sourceTree = "<group>"; };
		7170AA2D2DCB688200AAB0FE /* ProfileView.swift */ = {isa = PBXFileReference; lastKnownFileType = sourcecode.swift; path = ProfileView.swift; sourceTree = "<group>"; };
		7170AA2E2DCB688200AAB0FE /* RecommendationView.swift */ = {isa = PBXFileReference; lastKnownFileType = sourcecode.swift; path = RecommendationView.swift; sourceTree = "<group>"; };
		7170AA302DCB688200AAB0FE /* Assets.xcassets */ = {isa = PBXFileReference; lastKnownFileType = folder.assetcatalog; path = Assets.xcassets; sourceTree = "<group>"; };
		7170AA312DCB688200AAB0FE /* ContentView.swift */ = {isa = PBXFileReference; lastKnownFileType = sourcecode.swift; path = ContentView.swift; sourceTree = "<group>"; };
		7170AA322DCB688200AAB0FE /* Info.plist */ = {isa = PBXFileReference; lastKnownFileType = text.plist.xml; path = Info.plist; sourceTree = "<group>"; };
		7170AA332DCB688200AAB0FE /* SnackMapEntwurfApp.swift */ = {isa = PBXFileReference; lastKnownFileType = sourcecode.swift; path = SnackMapEntwurfApp.swift; sourceTree = "<group>"; };
		C171D9F42DBBA07100A51EA0 /* SnackMapEntwurf.app */ = {isa = PBXFileReference; explicitFileType = wrapper.application; includeInIndex = 0; path = SnackMapEntwurf.app; sourceTree = BUILT_PRODUCTS_DIR; };
/* End PBXFileReference section */

/* Begin PBXFrameworksBuildPhase section */
		C171D9F12DBBA07100A51EA0 /* Frameworks */ = {
			isa = PBXFrameworksBuildPhase;
			buildActionMask = 2147483647;
			files = (
			);
			runOnlyForDeploymentPostprocessing = 0;
		};
/* End PBXFrameworksBuildPhase section */

/* Begin PBXGroup section */
		7170AA202DCB688200AAB0FE /* MockData */ = {
			isa = PBXGroup;
			children = (
				7170AA1F2DCB688200AAB0FE /* MockData.swift */,
			);
			path = MockData;
			sourceTree = "<group>";
		};
		7170AA232DCB688200AAB0FE /* Models */ = {
			isa = PBXGroup;
			children = (
				7170AA212DCB688200AAB0FE /* SupplierNotification.swift */,
				7170AA222DCB688200AAB0FE /* VendingMachine.swift */,
			);
			path = Models;
			sourceTree = "<group>";
		};
		7170AA262DCB688200AAB0FE /* Services */ = {
			isa = PBXGroup;
			children = (
				7170AA242DCB688200AAB0FE /* SheetRouter.swift */,
				7170AA252DCB688200AAB0FE /* UserLocationService.swift */,
			);
			path = Services;
			sourceTree = "<group>";
		};
		7170AA292DCB688200AAB0FE /* ViewModels */ = {
			isa = PBXGroup;
			children = (
				7170AA272DCB688200AAB0FE /* SupplierNotificationViewModel.swift */,
				7170AA282DCB688200AAB0FE /* VendingMachineViewModel.swift */,
			);
			path = ViewModels;
			sourceTree = "<group>";
		};
		7170AA2F2DCB688200AAB0FE /* Views */ = {
			isa = PBXGroup;
			children = (
				7170AA2A2DCB688200AAB0FE /* CreateVendingMachineView.swift */,
				7170AA2B2DCB688200AAB0FE /* MachineDetailView.swift */,
				7170AA2C2DCB688200AAB0FE /* MapView.swift */,
				7170AA2D2DCB688200AAB0FE /* ProfileView.swift */,
				7170AA2E2DCB688200AAB0FE /* RecommendationView.swift */,
			);
			path = Views;
			sourceTree = "<group>";
		};
		7170AA342DCB688200AAB0FE /* SnackMapEntwurf */ = {
			isa = PBXGroup;
			children = (
				7170AA202DCB688200AAB0FE /* MockData */,
				7170AA232DCB688200AAB0FE /* Models */,
				7170AA262DCB688200AAB0FE /* Services */,
				7170AA292DCB688200AAB0FE /* ViewModels */,
				7170AA2F2DCB688200AAB0FE /* Views */,
				7170AA302DCB688200AAB0FE /* Assets.xcassets */,
				7170AA312DCB688200AAB0FE /* ContentView.swift */,
				7170AA322DCB688200AAB0FE /* Info.plist */,
				7170AA332DCB688200AAB0FE /* SnackMapEntwurfApp.swift */,
			);
			path = SnackMapEntwurf;
			sourceTree = "<group>";
		};
		C171D9EB2DBBA07100A51EA0 = {
			isa = PBXGroup;
			children = (
				7170AA342DCB688200AAB0FE /* SnackMapEntwurf */,
				C171D9F52DBBA07100A51EA0 /* Products */,
			);
			sourceTree = "<group>";
		};
		C171D9F52DBBA07100A51EA0 /* Products */ = {
			isa = PBXGroup;
			children = (
				C171D9F42DBBA07100A51EA0 /* SnackMapEntwurf.app */,
			);
			name = Products;
			sourceTree = "<group>";
		};
/* End PBXGroup section */

/* Begin PBXNativeTarget section */
		C171D9F32DBBA07100A51EA0 /* SnackMapEntwurf */ = {
			isa = PBXNativeTarget;
			buildConfigurationList = C171D9FF2DBBA07300A51EA0 /* Build configuration list for PBXNativeTarget "SnackMapEntwurf" */;
			buildPhases = (
				C171D9F02DBBA07100A51EA0 /* Sources */,
				C171D9F12DBBA07100A51EA0 /* Frameworks */,
				C171D9F22DBBA07100A51EA0 /* Resources */,
			);
			buildRules = (
			);
			dependencies = (
			);
			name = SnackMapEntwurf;
			packageProductDependencies = (
			);
			productName = SnackMapEntwurf;
			productReference = C171D9F42DBBA07100A51EA0 /* SnackMapEntwurf.app */;
			productType = "com.apple.product-type.application";
		};
/* End PBXNativeTarget section */

/* Begin PBXProject section */
		C171D9EC2DBBA07100A51EA0 /* Project object */ = {
			isa = PBXProject;
			attributes = {
				BuildIndependentTargetsInParallel = 1;
				LastSwiftUpdateCheck = 1630;
				LastUpgradeCheck = 1630;
				TargetAttributes = {
					C171D9F32DBBA07100A51EA0 = {
						CreatedOnToolsVersion = 16.3;
					};
				};
			};
			buildConfigurationList = C171D9EF2DBBA07100A51EA0 /* Build configuration list for PBXProject "SnackMapEntwurf" */;
			developmentRegion = en;
			hasScannedForEncodings = 0;
			knownRegions = (
				en,
				Base,
			);
			mainGroup = C171D9EB2DBBA07100A51EA0;
			minimizedProjectReferenceProxies = 1;
			preferredProjectObjectVersion = 77;
			productRefGroup = C171D9F52DBBA07100A51EA0 /* Products */;
			projectDirPath = "";
			projectRoot = "";
			targets = (
				C171D9F32DBBA07100A51EA0 /* SnackMapEntwurf */,
			);
		};
/* End PBXProject section */

/* Begin PBXResourcesBuildPhase section */
		C171D9F22DBBA07100A51EA0 /* Resources */ = {
			isa = PBXResourcesBuildPhase;
			buildActionMask = 2147483647;
			files = (
				7170AA432DCB688200AAB0FE /* Assets.xcassets in Resources */,
			);
			runOnlyForDeploymentPostprocessing = 0;
		};
/* End PBXResourcesBuildPhase section */

/* Begin PBXSourcesBuildPhase section */
		C171D9F02DBBA07100A51EA0 /* Sources */ = {
			isa = PBXSourcesBuildPhase;
			buildActionMask = 2147483647;
			files = (
				7170AA352DCB688200AAB0FE /* MockData.swift in Sources */,
				7170AA362DCB688200AAB0FE /* SupplierNotification.swift in Sources */,
				7170AA372DCB688200AAB0FE /* VendingMachine.swift in Sources */,
				7170AA382DCB688200AAB0FE /* SheetRouter.swift in Sources */,
				7170AA392DCB688200AAB0FE /* UserLocationService.swift in Sources */,
				7170AA3A2DCB688200AAB0FE /* SupplierNotificationViewModel.swift in Sources */,
				7170AA3B2DCB688200AAB0FE /* VendingMachineViewModel.swift in Sources */,
				7170AA3C2DCB688200AAB0FE /* CreateVendingMachineView.swift in Sources */,
				7170AA3D2DCB688200AAB0FE /* MachineDetailView.swift in Sources */,
				7170AA3E2DCB688200AAB0FE /* MapView.swift in Sources */,
				7170AA3F2DCB688200AAB0FE /* ProfileView.swift in Sources */,
				7170AA402DCB688200AAB0FE /* RecommendationView.swift in Sources */,
				7170AA412DCB688200AAB0FE /* ContentView.swift in Sources */,
				7170AA422DCB688200AAB0FE /* SnackMapEntwurfApp.swift in Sources */,
			);
			runOnlyForDeploymentPostprocessing = 0;
		};
/* End PBXSourcesBuildPhase section */

/* Begin XCBuildConfiguration section */
		C171D9FD2DBBA07300A51EA0 /* Debug */ = {
			isa = XCBuildConfiguration;
			buildSettings = {
				ALWAYS_SEARCH_USER_PATHS = NO;
				ASSETCATALOG_COMPILER_GENERATE_SWIFT_ASSET_SYMBOL_EXTENSIONS = YES;
				CLANG_ANALYZER_NONNULL = YES;
				CLANG_ANALYZER_NUMBER_OBJECT_CONVERSION = YES_AGGRESSIVE;
				CLANG_CXX_LANGUAGE_STANDARD = "gnu++20";
				CLANG_ENABLE_MODULES = YES;
				CLANG_ENABLE_OBJC_ARC = YES;
				CLANG_ENABLE_OBJC_WEAK = YES;
				CLANG_WARN_BLOCK_CAPTURE_AUTORELEASING = YES;
				CLANG_WARN_BOOL_CONVERSION = YES;
				CLANG_WARN_COMMA = YES;
				CLANG_WARN_CONSTANT_CONVERSION = YES;
				CLANG_WARN_DEPRECATED_OBJC_IMPLEMENTATIONS = YES;
				CLANG_WARN_DIRECT_OBJC_ISA_USAGE = YES_ERROR;
				CLANG_WARN_DOCUMENTATION_COMMENTS = YES;
				CLANG_WARN_EMPTY_BODY = YES;
				CLANG_WARN_ENUM_CONVERSION = YES;
				CLANG_WARN_INFINITE_RECURSION = YES;
				CLANG_WARN_INT_CONVERSION = YES;
				CLANG_WARN_NON_LITERAL_NULL_CONVERSION = YES;
				CLANG_WARN_OBJC_IMPLICIT_RETAIN_SELF = YES;
				CLANG_WARN_OBJC_LITERAL_CONVERSION = YES;
				CLANG_WARN_OBJC_ROOT_CLASS = YES_ERROR;
				CLANG_WARN_QUOTED_INCLUDE_IN_FRAMEWORK_HEADER = YES;
				CLANG_WARN_RANGE_LOOP_ANALYSIS = YES;
				CLANG_WARN_STRICT_PROTOTYPES = YES;
				CLANG_WARN_SUSPICIOUS_MOVE = YES;
				CLANG_WARN_UNGUARDED_AVAILABILITY = YES_AGGRESSIVE;
				CLANG_WARN_UNREACHABLE_CODE = YES;
				CLANG_WARN__DUPLICATE_METHOD_MATCH = YES;
				COPY_PHASE_STRIP = NO;
				DEBUG_INFORMATION_FORMAT = dwarf;
				ENABLE_STRICT_OBJC_MSGSEND = YES;
				ENABLE_TESTABILITY = YES;
				ENABLE_USER_SCRIPT_SANDBOXING = YES;
				GCC_C_LANGUAGE_STANDARD = gnu17;
				GCC_DYNAMIC_NO_PIC = NO;
				GCC_NO_COMMON_BLOCKS = YES;
				GCC_OPTIMIZATION_LEVEL = 0;
				GCC_PREPROCESSOR_DEFINITIONS = (
					"DEBUG=1",
					"$(inherited)",
				);
				GCC_WARN_64_TO_32_BIT_CONVERSION = YES;
				GCC_WARN_ABOUT_RETURN_TYPE = YES_ERROR;
				GCC_WARN_UNDECLARED_SELECTOR = YES;
				GCC_WARN_UNINITIALIZED_AUTOS = YES_AGGRESSIVE;
				GCC_WARN_UNUSED_FUNCTION = YES;
				GCC_WARN_UNUSED_VARIABLE = YES;
				INFOPLIST_FILE = "";
				IPHONEOS_DEPLOYMENT_TARGET = 18.4;
				LOCALIZATION_PREFERS_STRING_CATALOGS = YES;
				MTL_ENABLE_DEBUG_INFO = INCLUDE_SOURCE;
				MTL_FAST_MATH = YES;
				ONLY_ACTIVE_ARCH = YES;
				SDKROOT = iphoneos;
				SWIFT_ACTIVE_COMPILATION_CONDITIONS = "DEBUG $(inherited)";
				SWIFT_OPTIMIZATION_LEVEL = "-Onone";
			};
			name = Debug;
		};
		C171D9FE2DBBA07300A51EA0 /* Release */ = {
			isa = XCBuildConfiguration;
			buildSettings = {
				ALWAYS_SEARCH_USER_PATHS = NO;
				ASSETCATALOG_COMPILER_GENERATE_SWIFT_ASSET_SYMBOL_EXTENSIONS = YES;
				CLANG_ANALYZER_NONNULL = YES;
				CLANG_ANALYZER_NUMBER_OBJECT_CONVERSION = YES_AGGRESSIVE;
				CLANG_CXX_LANGUAGE_STANDARD = "gnu++20";
				CLANG_ENABLE_MODULES = YES;
				CLANG_ENABLE_OBJC_ARC = YES;
				CLANG_ENABLE_OBJC_WEAK = YES;
				CLANG_WARN_BLOCK_CAPTURE_AUTORELEASING = YES;
				CLANG_WARN_BOOL_CONVERSION = YES;
				CLANG_WARN_COMMA = YES;
				CLANG_WARN_CONSTANT_CONVERSION = YES;
				CLANG_WARN_DEPRECATED_OBJC_IMPLEMENTATIONS = YES;
				CLANG_WARN_DIRECT_OBJC_ISA_USAGE = YES_ERROR;
				CLANG_WARN_DOCUMENTATION_COMMENTS = YES;
				CLANG_WARN_EMPTY_BODY = YES;
				CLANG_WARN_ENUM_CONVERSION = YES;
				CLANG_WARN_INFINITE_RECURSION = YES;
				CLANG_WARN_INT_CONVERSION = YES;
				CLANG_WARN_NON_LITERAL_NULL_CONVERSION = YES;
				CLANG_WARN_OBJC_IMPLICIT_RETAIN_SELF = YES;
				CLANG_WARN_OBJC_LITERAL_CONVERSION = YES;
				CLANG_WARN_OBJC_ROOT_CLASS = YES_ERROR;
				CLANG_WARN_QUOTED_INCLUDE_IN_FRAMEWORK_HEADER = YES;
				CLANG_WARN_RANGE_LOOP_ANALYSIS = YES;
				CLANG_WARN_STRICT_PROTOTYPES = YES;
				CLANG_WARN_SUSPICIOUS_MOVE = YES;
				CLANG_WARN_UNGUARDED_AVAILABILITY = YES_AGGRESSIVE;
				CLANG_WARN_UNREACHABLE_CODE = YES;
				CLANG_WARN__DUPLICATE_METHOD_MATCH = YES;
				COPY_PHASE_STRIP = NO;
				DEBUG_INFORMATION_FORMAT = "dwarf-with-dsym";
				ENABLE_NS_ASSERTIONS = NO;
				ENABLE_STRICT_OBJC_MSGSEND = YES;
				ENABLE_USER_SCRIPT_SANDBOXING = YES;
				GCC_C_LANGUAGE_STANDARD = gnu17;
				GCC_NO_COMMON_BLOCKS = YES;
				GCC_WARN_64_TO_32_BIT_CONVERSION = YES;
				GCC_WARN_ABOUT_RETURN_TYPE = YES_ERROR;
				GCC_WARN_UNDECLARED_SELECTOR = YES;
				GCC_WARN_UNINITIALIZED_AUTOS = YES_AGGRESSIVE;
				GCC_WARN_UNUSED_FUNCTION = YES;
				GCC_WARN_UNUSED_VARIABLE = YES;
				INFOPLIST_FILE = "";
				IPHONEOS_DEPLOYMENT_TARGET = 18.4;
				LOCALIZATION_PREFERS_STRING_CATALOGS = YES;
				MTL_ENABLE_DEBUG_INFO = NO;
				MTL_FAST_MATH = YES;
				SDKROOT = iphoneos;
				SWIFT_COMPILATION_MODE = wholemodule;
				VALIDATE_PRODUCT = YES;
			};
			name = Release;
		};
		C171DA002DBBA07300A51EA0 /* Debug */ = {
			isa = XCBuildConfiguration;
			buildSettings = {
				ASSETCATALOG_COMPILER_APPICON_NAME = AppIcon;
				ASSETCATALOG_COMPILER_GLOBAL_ACCENT_COLOR_NAME = AccentColor;
				CODE_SIGN_STYLE = Automatic;
				CURRENT_PROJECT_VERSION = 1;
				DEVELOPMENT_TEAM = N75LH2B753;
				ENABLE_PREVIEWS = YES;
				GENERATE_INFOPLIST_FILE = YES;
				INFOPLIST_FILE = SnackMapEntwurf/Info.plist;
				INFOPLIST_KEY_LSApplicationCategoryType = "";
				INFOPLIST_KEY_NSLocationWhenInUseUsageDescription = "";
				INFOPLIST_KEY_UIApplicationSceneManifest_Generation = YES;
				INFOPLIST_KEY_UIApplicationSupportsIndirectInputEvents = YES;
				INFOPLIST_KEY_UILaunchScreen_Generation = YES;
				INFOPLIST_KEY_UISupportedInterfaceOrientations_iPad = "UIInterfaceOrientationPortrait UIInterfaceOrientationPortraitUpsideDown UIInterfaceOrientationLandscapeLeft UIInterfaceOrientationLandscapeRight";
				INFOPLIST_KEY_UISupportedInterfaceOrientations_iPhone = "UIInterfaceOrientationPortrait UIInterfaceOrientationLandscapeLeft UIInterfaceOrientationLandscapeRight";
				LD_RUNPATH_SEARCH_PATHS = (
					"$(inherited)",
					"@executable_path/Frameworks",
				);
				MARKETING_VERSION = 1.0;
				PRODUCT_BUNDLE_IDENTIFIER = de.solutions.keltag.SnackMapEntwurf;
				PRODUCT_NAME = "$(TARGET_NAME)";
				SWIFT_EMIT_LOC_STRINGS = YES;
				SWIFT_VERSION = 5.0;
				TARGETED_DEVICE_FAMILY = "1,2";
			};
			name = Debug;
		};
		C171DA012DBBA07300A51EA0 /* Release */ = {
			isa = XCBuildConfiguration;
			buildSettings = {
				ASSETCATALOG_COMPILER_APPICON_NAME = AppIcon;
				ASSETCATALOG_COMPILER_GLOBAL_ACCENT_COLOR_NAME = AccentColor;
				CODE_SIGN_STYLE = Automatic;
				CURRENT_PROJECT_VERSION = 1;
				DEVELOPMENT_TEAM = N75LH2B753;
				ENABLE_PREVIEWS = YES;
				GENERATE_INFOPLIST_FILE = YES;
				INFOPLIST_FILE = SnackMapEntwurf/Info.plist;
				INFOPLIST_KEY_LSApplicationCategoryType = "";
				INFOPLIST_KEY_NSLocationWhenInUseUsageDescription = "";
				INFOPLIST_KEY_UIApplicationSceneManifest_Generation = YES;
				INFOPLIST_KEY_UIApplicationSupportsIndirectInputEvents = YES;
				INFOPLIST_KEY_UILaunchScreen_Generation = YES;
				INFOPLIST_KEY_UISupportedInterfaceOrientations_iPad = "UIInterfaceOrientationPortrait UIInterfaceOrientationPortraitUpsideDown UIInterfaceOrientationLandscapeLeft UIInterfaceOrientationLandscapeRight";
				INFOPLIST_KEY_UISupportedInterfaceOrientations_iPhone = "UIInterfaceOrientationPortrait UIInterfaceOrientationLandscapeLeft UIInterfaceOrientationLandscapeRight";
				LD_RUNPATH_SEARCH_PATHS = (
					"$(inherited)",
					"@executable_path/Frameworks",
				);
				MARKETING_VERSION = 1.0;
				PRODUCT_BUNDLE_IDENTIFIER = de.solutions.keltag.SnackMapEntwurf;
				PRODUCT_NAME = "$(TARGET_NAME)";
				SWIFT_EMIT_LOC_STRINGS = YES;
				SWIFT_VERSION = 5.0;
				TARGETED_DEVICE_FAMILY = "1,2";
			};
			name = Release;
		};
/* End XCBuildConfiguration section */

/* Begin XCConfigurationList section */
		C171D9EF2DBBA07100A51EA0 /* Build configuration list for PBXProject "SnackMapEntwurf" */ = {
			isa = XCConfigurationList;
			buildConfigurations = (
				C171D9FD2DBBA07300A51EA0 /* Debug */,
				C171D9FE2DBBA07300A51EA0 /* Release */,
			);
			defaultConfigurationIsVisible = 0;
			defaultConfigurationName = Release;
		};
		C171D9FF2DBBA07300A51EA0 /* Build configuration list for PBXNativeTarget "SnackMapEntwurf" */ = {
			isa = XCConfigurationList;
			buildConfigurations = (
				C171DA002DBBA07300A51EA0 /* Debug */,
				C171DA012DBBA07300A51EA0 /* Release */,
			);
			defaultConfigurationIsVisible = 0;
			defaultConfigurationName = Release;
		};
/* End XCConfigurationList section */
	};
	rootObject = C171D9EC2DBBA07100A51EA0 /* Project object */;
}
